
Microsoft Visual Studio Solution File, Format Version 12.00
# Visual Studio Version 17
VisualStudioVersion = 17.2.32616.157
MinimumVisualStudioVersion = 10.0.40219.1
Project("{2150E333-8FDC-42A3-9474-1A3956D46DE8}") = "src", "src", "{A0EC61B6-3FAE-443C-B714-C9A09E60D666}"
EndProject
Project("{2150E333-8FDC-42A3-9474-1A3956D46DE8}") = "tests", "tests", "{69AE39B9-DD67-4BD1-A5CC-2C46248835ED}"
EndProject
Project("{2150E333-8FDC-42A3-9474-1A3956D46DE8}") = "OrganisationAdmin.Core", "OrganisationAdmin.Core", "{0C95A59E-D7EC-47A0-B206-235C7B4F3574}"
EndProject
Project("{9A19103F-16F7-4668-BE54-9A1E7A4F7556}") = "OrganisationAdmin.Core", "src\OrganisationAdmin.Core\OrganisationAdmin.Core.csproj", "{5288382D-63E5-46EA-97C9-FB141E873359}"
EndProject
Project("{2150E333-8FDC-42A3-9474-1A3956D46DE8}") = "OrganisationAdmin.Infrastructure", "OrganisationAdmin.Infrastructure", "{2BCFFC66-6891-4DBC-A0BD-2971A47C5E2F}"
EndProject
Project("{9A19103F-16F7-4668-BE54-9A1E7A4F7556}") = "OrganisationAdmin.Infrastructure", "src\OrganisationAdmin.Infrastructure\OrganisationAdmin.Infrastructure.csproj", "{46757DF7-D50A-4797-97BC-8575B704657A}"
EndProject
Project("{2150E333-8FDC-42A3-9474-1A3956D46DE8}") = "OrganisationAdmin.WebApi", "OrganisationAdmin.WebApi", "{6147EF40-049D-497A-9D3F-82B8FD013B70}"
EndProject
Project("{9A19103F-16F7-4668-BE54-9A1E7A4F7556}") = "OrganisationAdmin.WebApi", "src\OrganisationAdmin.WebApi\OrganisationAdmin.WebApi.csproj", "{F1C90753-3EB7-4E0A-B2C6-C6E253781177}"
EndProject
Project("{2150E333-8FDC-42A3-9474-1A3956D46DE8}") = "OrganisationAdmin.WebUiBlazorServer", "OrganisationAdmin.WebUiBlazorServer", "{BD187A38-CF81-427B-99A5-45C4B518AE42}"
EndProject
Project("{9A19103F-16F7-4668-BE54-9A1E7A4F7556}") = "OrganisationAdmin.WebUiBlazorServer", "src\OrganisationAdmin.WebUiBlazorServer\OrganisationAdmin.WebUiBlazorServer.csproj", "{E976F46A-3B8E-415A-8756-5D950C00DFD2}"
EndProject
Project("{2150E333-8FDC-42A3-9474-1A3956D46DE8}") = "OrganisationAdmin.WebUiRazor", "OrganisationAdmin.WebUiRazor", "{9A3D2F19-10DF-43B9-9E25-ADB9E3477B4F}"
EndProject
Project("{9A19103F-16F7-4668-BE54-9A1E7A4F7556}") = "OrganisationAdmin.WebUiRazor", "src\OrganisationAdmin.WebUiRazor\OrganisationAdmin.WebUiRazor.csproj", "{E443938D-6ED3-4DBC-9371-56FDAD8A242C}"
EndProject
Project("{2150E333-8FDC-42A3-9474-1A3956D46DE8}") = "OrganisationAdmin.WebUiRazorComponents", "OrganisationAdmin.WebUiRazorComponents", "{5A742F2C-6EEE-4CF5-8947-87A10D8687A6}"
EndProject
Project("{9A19103F-16F7-4668-BE54-9A1E7A4F7556}") = "OrganisationAdmin.WebUiRazorComponents", "src\OrganisationAdmin.WebUiRazorComponents\OrganisationAdmin.WebUiRazorComponents.csproj", "{8D12924B-606A-47D2-B39E-890D9D142F23}"
EndProject
Project("{2150E333-8FDC-42A3-9474-1A3956D46DE8}") = "Functionaltests", "Functionaltests", "{9FA54760-1C11-4C09-9E35-67677171D328}"
EndProject
Project("{9A19103F-16F7-4668-BE54-9A1E7A4F7556}") = "FunctionalTests", "tests\FunctionalTests\FunctionalTests.csproj", "{5C765A48-A7B5-4CCD-9C06-7AFD8918CACD}"
EndProject
Project("{2150E333-8FDC-42A3-9474-1A3956D46DE8}") = "Integrationtests", "Integrationtests", "{8FAFB73D-624B-4E5F-8ACB-A7B39CD316EC}"
EndProject
Project("{9A19103F-16F7-4668-BE54-9A1E7A4F7556}") = "IntegrationTests", "tests\IntegrationTests\IntegrationTests.csproj", "{042E8612-75A1-44DE-AED4-D77DC32C2D1C}"
EndProject
Project("{2150E333-8FDC-42A3-9474-1A3956D46DE8}") = "UnitTests", "UnitTests", "{88278F4B-F3E4-4919-B6F7-3720E5F0E6ED}"
EndProject
Project("{9A19103F-16F7-4668-BE54-9A1E7A4F7556}") = "UnitTests", "tests\UnitTests\UnitTests.csproj", "{C52A29A9-F53A-4120-A05A-BF6E431A16B3}"
EndProject
Global
	GlobalSection(SolutionConfigurationPlatforms) = preSolution
		Debug|Any CPU = Debug|Any CPU
		Debug|x64 = Debug|x64
		Debug|x86 = Debug|x86
		Release|Any CPU = Release|Any CPU
		Release|x64 = Release|x64
		Release|x86 = Release|x86
	EndGlobalSection
	GlobalSection(ProjectConfigurationPlatforms) = postSolution
		{5288382D-63E5-46EA-97C9-FB141E873359}.Debug|Any CPU.ActiveCfg = Debug|Any CPU
		{5288382D-63E5-46EA-97C9-FB141E873359}.Debug|Any CPU.Build.0 = Debug|Any CPU
		{5288382D-63E5-46EA-97C9-FB141E873359}.Debug|x64.ActiveCfg = Debug|Any CPU
		{5288382D-63E5-46EA-97C9-FB141E873359}.Debug|x64.Build.0 = Debug|Any CPU
		{5288382D-63E5-46EA-97C9-FB141E873359}.Debug|x86.ActiveCfg = Debug|Any CPU
		{5288382D-63E5-46EA-97C9-FB141E873359}.Debug|x86.Build.0 = Debug|Any CPU
		{5288382D-63E5-46EA-97C9-FB141E873359}.Release|Any CPU.ActiveCfg = Release|Any CPU
		{5288382D-63E5-46EA-97C9-FB141E873359}.Release|Any CPU.Build.0 = Release|Any CPU
		{5288382D-63E5-46EA-97C9-FB141E873359}.Release|x64.ActiveCfg = Release|Any CPU
		{5288382D-63E5-46EA-97C9-FB141E873359}.Release|x64.Build.0 = Release|Any CPU
		{5288382D-63E5-46EA-97C9-FB141E873359}.Release|x86.ActiveCfg = Release|Any CPU
		{5288382D-63E5-46EA-97C9-FB141E873359}.Release|x86.Build.0 = Release|Any CPU
		{46757DF7-D50A-4797-97BC-8575B704657A}.Debug|Any CPU.ActiveCfg = Debug|Any CPU
		{46757DF7-D50A-4797-97BC-8575B704657A}.Debug|Any CPU.Build.0 = Debug|Any CPU
		{46757DF7-D50A-4797-97BC-8575B704657A}.Debug|x64.ActiveCfg = Debug|Any CPU
		{46757DF7-D50A-4797-97BC-8575B704657A}.Debug|x64.Build.0 = Debug|Any CPU
		{46757DF7-D50A-4797-97BC-8575B704657A}.Debug|x86.ActiveCfg = Debug|Any CPU
		{46757DF7-D50A-4797-97BC-8575B704657A}.Debug|x86.Build.0 = Debug|Any CPU
		{46757DF7-D50A-4797-97BC-8575B704657A}.Release|Any CPU.ActiveCfg = Release|Any CPU
		{46757DF7-D50A-4797-97BC-8575B704657A}.Release|Any CPU.Build.0 = Release|Any CPU
		{46757DF7-D50A-4797-97BC-8575B704657A}.Release|x64.ActiveCfg = Release|Any CPU
		{46757DF7-D50A-4797-97BC-8575B704657A}.Release|x64.Build.0 = Release|Any CPU
		{46757DF7-D50A-4797-97BC-8575B704657A}.Release|x86.ActiveCfg = Release|Any CPU
		{46757DF7-D50A-4797-97BC-8575B704657A}.Release|x86.Build.0 = Release|Any CPU
		{F1C90753-3EB7-4E0A-B2C6-C6E253781177}.Debug|Any CPU.ActiveCfg = Debug|Any CPU
		{F1C90753-3EB7-4E0A-B2C6-C6E253781177}.Debug|Any CPU.Build.0 = Debug|Any CPU
		{F1C90753-3EB7-4E0A-B2C6-C6E253781177}.Debug|x64.ActiveCfg = Debug|Any CPU
		{F1C90753-3EB7-4E0A-B2C6-C6E253781177}.Debug|x64.Build.0 = Debug|Any CPU
		{F1C90753-3EB7-4E0A-B2C6-C6E253781177}.Debug|x86.ActiveCfg = Debug|Any CPU
		{F1C90753-3EB7-4E0A-B2C6-C6E253781177}.Debug|x86.Build.0 = Debug|Any CPU
		{F1C90753-3EB7-4E0A-B2C6-C6E253781177}.Release|Any CPU.ActiveCfg = Release|Any CPU
		{F1C90753-3EB7-4E0A-B2C6-C6E253781177}.Release|Any CPU.Build.0 = Release|Any CPU
		{F1C90753-3EB7-4E0A-B2C6-C6E253781177}.Release|x64.ActiveCfg = Release|Any CPU
		{F1C90753-3EB7-4E0A-B2C6-C6E253781177}.Release|x64.Build.0 = Release|Any CPU
		{F1C90753-3EB7-4E0A-B2C6-C6E253781177}.Release|x86.ActiveCfg = Release|Any CPU
		{F1C90753-3EB7-4E0A-B2C6-C6E253781177}.Release|x86.Build.0 = Release|Any CPU
		{E976F46A-3B8E-415A-8756-5D950C00DFD2}.Debug|Any CPU.ActiveCfg = Debug|Any CPU
		{E976F46A-3B8E-415A-8756-5D950C00DFD2}.Debug|Any CPU.Build.0 = Debug|Any CPU
		{E976F46A-3B8E-415A-8756-5D950C00DFD2}.Debug|x64.ActiveCfg = Debug|Any CPU
		{E976F46A-3B8E-415A-8756-5D950C00DFD2}.Debug|x64.Build.0 = Debug|Any CPU
		{E976F46A-3B8E-415A-8756-5D950C00DFD2}.Debug|x86.ActiveCfg = Debug|Any CPU
		{E976F46A-3B8E-415A-8756-5D950C00DFD2}.Debug|x86.Build.0 = Debug|Any CPU
		{E976F46A-3B8E-415A-8756-5D950C00DFD2}.Release|Any CPU.ActiveCfg = Release|Any CPU
		{E976F46A-3B8E-415A-8756-5D950C00DFD2}.Release|Any CPU.Build.0 = Release|Any CPU
		{E976F46A-3B8E-415A-8756-5D950C00DFD2}.Release|x64.ActiveCfg = Release|Any CPU
		{E976F46A-3B8E-415A-8756-5D950C00DFD2}.Release|x64.Build.0 = Release|Any CPU
		{E976F46A-3B8E-415A-8756-5D950C00DFD2}.Release|x86.ActiveCfg = Release|Any CPU
		{E976F46A-3B8E-415A-8756-5D950C00DFD2}.Release|x86.Build.0 = Release|Any CPU
		{E443938D-6ED3-4DBC-9371-56FDAD8A242C}.Debug|Any CPU.ActiveCfg = Debug|Any CPU
		{E443938D-6ED3-4DBC-9371-56FDAD8A242C}.Debug|Any CPU.Build.0 = Debug|Any CPU
		{E443938D-6ED3-4DBC-9371-56FDAD8A242C}.Debug|x64.ActiveCfg = Debug|Any CPU
		{E443938D-6ED3-4DBC-9371-56FDAD8A242C}.Debug|x64.Build.0 = Debug|Any CPU
		{E443938D-6ED3-4DBC-9371-56FDAD8A242C}.Debug|x86.ActiveCfg = Debug|Any CPU
		{E443938D-6ED3-4DBC-9371-56FDAD8A242C}.Debug|x86.Build.0 = Debug|Any CPU
		{E443938D-6ED3-4DBC-9371-56FDAD8A242C}.Release|Any CPU.ActiveCfg = Release|Any CPU
		{E443938D-6ED3-4DBC-9371-56FDAD8A242C}.Release|Any CPU.Build.0 = Release|Any CPU
		{E443938D-6ED3-4DBC-9371-56FDAD8A242C}.Release|x64.ActiveCfg = Release|Any CPU
		{E443938D-6ED3-4DBC-9371-56FDAD8A242C}.Release|x64.Build.0 = Release|Any CPU
		{E443938D-6ED3-4DBC-9371-56FDAD8A242C}.Release|x86.ActiveCfg = Release|Any CPU
		{E443938D-6ED3-4DBC-9371-56FDAD8A242C}.Release|x86.Build.0 = Release|Any CPU
		{8D12924B-606A-47D2-B39E-890D9D142F23}.Debug|Any CPU.ActiveCfg = Debug|Any CPU
		{8D12924B-606A-47D2-B39E-890D9D142F23}.Debug|Any CPU.Build.0 = Debug|Any CPU
		{8D12924B-606A-47D2-B39E-890D9D142F23}.Debug|x64.ActiveCfg = Debug|Any CPU
		{8D12924B-606A-47D2-B39E-890D9D142F23}.Debug|x64.Build.0 = Debug|Any CPU
		{8D12924B-606A-47D2-B39E-890D9D142F23}.Debug|x86.ActiveCfg = Debug|Any CPU
		{8D12924B-606A-47D2-B39E-890D9D142F23}.Debug|x86.Build.0 = Debug|Any CPU
		{8D12924B-606A-47D2-B39E-890D9D142F23}.Release|Any CPU.ActiveCfg = Release|Any CPU
		{8D12924B-606A-47D2-B39E-890D9D142F23}.Release|Any CPU.Build.0 = Release|Any CPU
		{8D12924B-606A-47D2-B39E-890D9D142F23}.Release|x64.ActiveCfg = Release|Any CPU
		{8D12924B-606A-47D2-B39E-890D9D142F23}.Release|x64.Build.0 = Release|Any CPU
		{8D12924B-606A-47D2-B39E-890D9D142F23}.Release|x86.ActiveCfg = Release|Any CPU
		{8D12924B-606A-47D2-B39E-890D9D142F23}.Release|x86.Build.0 = Release|Any CPU
		{5C765A48-A7B5-4CCD-9C06-7AFD8918CACD}.Debug|Any CPU.ActiveCfg = Debug|Any CPU
		{5C765A48-A7B5-4CCD-9C06-7AFD8918CACD}.Debug|Any CPU.Build.0 = Debug|Any CPU
		{5C765A48-A7B5-4CCD-9C06-7AFD8918CACD}.Debug|x64.ActiveCfg = Debug|Any CPU
		{5C765A48-A7B5-4CCD-9C06-7AFD8918CACD}.Debug|x64.Build.0 = Debug|Any CPU
		{5C765A48-A7B5-4CCD-9C06-7AFD8918CACD}.Debug|x86.ActiveCfg = Debug|Any CPU
		{5C765A48-A7B5-4CCD-9C06-7AFD8918CACD}.Debug|x86.Build.0 = Debug|Any CPU
		{5C765A48-A7B5-4CCD-9C06-7AFD8918CACD}.Release|Any CPU.ActiveCfg = Release|Any CPU
		{5C765A48-A7B5-4CCD-9C06-7AFD8918CACD}.Release|Any CPU.Build.0 = Release|Any CPU
		{5C765A48-A7B5-4CCD-9C06-7AFD8918CACD}.Release|x64.ActiveCfg = Release|Any CPU
		{5C765A48-A7B5-4CCD-9C06-7AFD8918CACD}.Release|x64.Build.0 = Release|Any CPU
		{5C765A48-A7B5-4CCD-9C06-7AFD8918CACD}.Release|x86.ActiveCfg = Release|Any CPU
		{5C765A48-A7B5-4CCD-9C06-7AFD8918CACD}.Release|x86.Build.0 = Release|Any CPU
		{042E8612-75A1-44DE-AED4-D77DC32C2D1C}.Debug|Any CPU.ActiveCfg = Debug|Any CPU
		{042E8612-75A1-44DE-AED4-D77DC32C2D1C}.Debug|Any CPU.Build.0 = Debug|Any CPU
		{042E8612-75A1-44DE-AED4-D77DC32C2D1C}.Debug|x64.ActiveCfg = Debug|Any CPU
		{042E8612-75A1-44DE-AED4-D77DC32C2D1C}.Debug|x64.Build.0 = Debug|Any CPU
		{042E8612-75A1-44DE-AED4-D77DC32C2D1C}.Debug|x86.ActiveCfg = Debug|Any CPU
		{042E8612-75A1-44DE-AED4-D77DC32C2D1C}.Debug|x86.Build.0 = Debug|Any CPU
		{042E8612-75A1-44DE-AED4-D77DC32C2D1C}.Release|Any CPU.ActiveCfg = Release|Any CPU
		{042E8612-75A1-44DE-AED4-D77DC32C2D1C}.Release|Any CPU.Build.0 = Release|Any CPU
		{042E8612-75A1-44DE-AED4-D77DC32C2D1C}.Release|x64.ActiveCfg = Release|Any CPU
		{042E8612-75A1-44DE-AED4-D77DC32C2D1C}.Release|x64.Build.0 = Release|Any CPU
		{042E8612-75A1-44DE-AED4-D77DC32C2D1C}.Release|x86.ActiveCfg = Release|Any CPU
		{042E8612-75A1-44DE-AED4-D77DC32C2D1C}.Release|x86.Build.0 = Release|Any CPU
		{C52A29A9-F53A-4120-A05A-BF6E431A16B3}.Debug|Any CPU.ActiveCfg = Debug|Any CPU
		{C52A29A9-F53A-4120-A05A-BF6E431A16B3}.Debug|Any CPU.Build.0 = Debug|Any CPU
		{C52A29A9-F53A-4120-A05A-BF6E431A16B3}.Debug|x64.ActiveCfg = Debug|Any CPU
		{C52A29A9-F53A-4120-A05A-BF6E431A16B3}.Debug|x64.Build.0 = Debug|Any CPU
		{C52A29A9-F53A-4120-A05A-BF6E431A16B3}.Debug|x86.ActiveCfg = Debug|Any CPU
		{C52A29A9-F53A-4120-A05A-BF6E431A16B3}.Debug|x86.Build.0 = Debug|Any CPU
		{C52A29A9-F53A-4120-A05A-BF6E431A16B3}.Release|Any CPU.ActiveCfg = Release|Any CPU
		{C52A29A9-F53A-4120-A05A-BF6E431A16B3}.Release|Any CPU.Build.0 = Release|Any CPU
		{C52A29A9-F53A-4120-A05A-BF6E431A16B3}.Release|x64.ActiveCfg = Release|Any CPU
		{C52A29A9-F53A-4120-A05A-BF6E431A16B3}.Release|x64.Build.0 = Release|Any CPU
		{C52A29A9-F53A-4120-A05A-BF6E431A16B3}.Release|x86.ActiveCfg = Release|Any CPU
		{C52A29A9-F53A-4120-A05A-BF6E431A16B3}.Release|x86.Build.0 = Release|Any CPU
	EndGlobalSection
	GlobalSection(SolutionProperties) = preSolution
		HideSolutionNode = FALSE
	EndGlobalSection
	GlobalSection(NestedProjects) = preSolution
		{0C95A59E-D7EC-47A0-B206-235C7B4F3574} = {A0EC61B6-3FAE-443C-B714-C9A09E60D666}
		{5288382D-63E5-46EA-97C9-FB141E873359} = {0C95A59E-D7EC-47A0-B206-235C7B4F3574}
		{2BCFFC66-6891-4DBC-A0BD-2971A47C5E2F} = {A0EC61B6-3FAE-443C-B714-C9A09E60D666}
		{46757DF7-D50A-4797-97BC-8575B704657A} = {2BCFFC66-6891-4DBC-A0BD-2971A47C5E2F}
		{6147EF40-049D-497A-9D3F-82B8FD013B70} = {A0EC61B6-3FAE-443C-B714-C9A09E60D666}
		{F1C90753-3EB7-4E0A-B2C6-C6E253781177} = {6147EF40-049D-497A-9D3F-82B8FD013B70}
		{BD187A38-CF81-427B-99A5-45C4B518AE42} = {A0EC61B6-3FAE-443C-B714-C9A09E60D666}
		{E976F46A-3B8E-415A-8756-5D950C00DFD2} = {BD187A38-CF81-427B-99A5-45C4B518AE42}
		{9A3D2F19-10DF-43B9-9E25-ADB9E3477B4F} = {A0EC61B6-3FAE-443C-B714-C9A09E60D666}
		{E443938D-6ED3-4DBC-9371-56FDAD8A242C} = {9A3D2F19-10DF-43B9-9E25-ADB9E3477B4F}
		{5A742F2C-6EEE-4CF5-8947-87A10D8687A6} = {A0EC61B6-3FAE-443C-B714-C9A09E60D666}
		{8D12924B-606A-47D2-B39E-890D9D142F23} = {5A742F2C-6EEE-4CF5-8947-87A10D8687A6}
		{9FA54760-1C11-4C09-9E35-67677171D328} = {69AE39B9-DD67-4BD1-A5CC-2C46248835ED}
		{5C765A48-A7B5-4CCD-9C06-7AFD8918CACD} = {9FA54760-1C11-4C09-9E35-67677171D328}
		{8FAFB73D-624B-4E5F-8ACB-A7B39CD316EC} = {69AE39B9-DD67-4BD1-A5CC-2C46248835ED}
		{042E8612-75A1-44DE-AED4-D77DC32C2D1C} = {8FAFB73D-624B-4E5F-8ACB-A7B39CD316EC}
		{88278F4B-F3E4-4919-B6F7-3720E5F0E6ED} = {69AE39B9-DD67-4BD1-A5CC-2C46248835ED}
		{C52A29A9-F53A-4120-A05A-BF6E431A16B3} = {88278F4B-F3E4-4919-B6F7-3720E5F0E6ED}
	EndGlobalSection
	GlobalSection(ExtensibilityGlobals) = postSolution
		SolutionGuid = {749C6927-85A2-4778-A804-A69F80BA5597}
	EndGlobalSection
EndGlobal
