
Microsoft Visual Studio Solution File, Format Version 12.00
# Visual Studio Version 17
VisualStudioVersion = 17.2.32616.157
MinimumVisualStudioVersion = 10.0.40219.1
Project("{2150E333-8FDC-42A3-9474-1A3956D46DE8}") = "src", "src", "{A0EC61B6-3FAE-443C-B714-C9A09E60D666}"
EndProject
Project("{2150E333-8FDC-42A3-9474-1A3956D46DE8}") = "tests", "tests", "{69AE39B9-DD67-4BD1-A5CC-2C46248835ED}"
EndProject
Project("{2150E333-8FDC-42A3-9474-1A3956D46DE8}") = "Infrastructure", "Infrastructure", "{2BCFFC66-6891-4DBC-A0BD-2971A47C5E2F}"
EndProject
Project("{9A19103F-16F7-4668-BE54-9A1E7A4F7556}") = "OrganisationAdmin.Infrastructure", "src\OrganisationAdmin.Infrastructure\OrganisationAdmin.Infrastructure.csproj", "{46757DF7-D50A-4797-97BC-8575B704657A}"
EndProject
Project("{2150E333-8FDC-42A3-9474-1A3956D46DE8}") = "Api", "Api", "{6147EF40-049D-497A-9D3F-82B8FD013B70}"
EndProject
Project("{9A19103F-16F7-4668-BE54-9A1E7A4F7556}") = "OrganisationAdmin.WebApi", "src\OrganisationAdmin.WebApi\OrganisationAdmin.WebApi.csproj", "{F1C90753-3EB7-4E0A-B2C6-C6E253781177}"
EndProject
Project("{2150E333-8FDC-42A3-9474-1A3956D46DE8}") = "Razor", "Razor", "{9A3D2F19-10DF-43B9-9E25-ADB9E3477B4F}"
EndProject
Project("{9A19103F-16F7-4668-BE54-9A1E7A4F7556}") = "OrganisationAdmin.WebUiRazor", "src\OrganisationAdmin.WebUiRazor\OrganisationAdmin.WebUiRazor.csproj", "{E443938D-6ED3-4DBC-9371-56FDAD8A242C}"
EndProject
Project("{2150E333-8FDC-42A3-9474-1A3956D46DE8}") = "FunctionalTests", "FunctionalTests", "{9FA54760-1C11-4C09-9E35-67677171D328}"
EndProject
Project("{9A19103F-16F7-4668-BE54-9A1E7A4F7556}") = "FunctionalTests", "tests\FunctionalTests\FunctionalTests.csproj", "{5C765A48-A7B5-4CCD-9C06-7AFD8918CACD}"
EndProject
Project("{2150E333-8FDC-42A3-9474-1A3956D46DE8}") = "IntegrationTests", "IntegrationTests", "{8FAFB73D-624B-4E5F-8ACB-A7B39CD316EC}"
EndProject
Project("{2150E333-8FDC-42A3-9474-1A3956D46DE8}") = "UnitTests", "UnitTests", "{88278F4B-F3E4-4919-B6F7-3720E5F0E6ED}"
EndProject
Project("{9A19103F-16F7-4668-BE54-9A1E7A4F7556}") = "UnitTests", "tests\UnitTests\UnitTests.csproj", "{C52A29A9-F53A-4120-A05A-BF6E431A16B3}"
EndProject
Project("{2150E333-8FDC-42A3-9474-1A3956D46DE8}") = "Endpoints", "Endpoints", "{0B645DD3-4720-4317-9AE6-52FF1DFF669E}"
EndProject
Project("{2150E333-8FDC-42A3-9474-1A3956D46DE8}") = "Organisation", "Organisation", "{96C61A0A-17D3-475F-BB6F-CACC4D84600F}"
	ProjectSection(SolutionItems) = preProject
		..\..\Examples\pluralsight-ddd-fundamentals\ClinicManagement\src\ClinicManagement.Api\Endpoints\Client\CreateOpenReferralOrganisation.cs = ..\..\Examples\pluralsight-ddd-fundamentals\ClinicManagement\src\ClinicManagement.Api\Endpoints\Client\CreateOpenReferralOrganisation.cs
	EndProjectSection
EndProject
Project("{2150E333-8FDC-42A3-9474-1A3956D46DE8}") = "Core", "Core", "{4B04A9CE-D7AA-4CF4-AC27-C2CE502469B3}"
EndProject
Project("{2150E333-8FDC-42A3-9474-1A3956D46DE8}") = "UI", "UI", "{4A251919-12D7-4A8F-8F7A-4C69AA53F37D}"
EndProject
Project("{2150E333-8FDC-42A3-9474-1A3956D46DE8}") = "Web", "Web", "{5523E84B-06D4-4845-89BF-9C41C09572D0}"
EndProject
Project("{2150E333-8FDC-42A3-9474-1A3956D46DE8}") = "SharedWeb", "SharedWeb", "{2C9B2850-6082-42F0-A37D-51097401EE13}"
EndProject
Project("{9A19103F-16F7-4668-BE54-9A1E7A4F7556}") = "OrganisationAdmin.SharedWeb", "src\OrganisationAdmin.SharedWeb\OrganisationAdmin.SharedWeb.csproj", "{427DDF02-D536-415E-B9CF-CE38D204A0A4}"
EndProject
Project("{9A19103F-16F7-4668-BE54-9A1E7A4F7556}") = "OrganisationAdmin.Core", "src\OrganisationAdmin.Core\OrganisationAdmin.Core.csproj", "{946F73CE-2E0A-4F37-B74F-CE62C2E518B1}"
EndProject
Project("{9A19103F-16F7-4668-BE54-9A1E7A4F7556}") = "IntegrationTests", "tests\IntegrationTests\IntegrationTests.csproj", "{0F3E14F8-5314-4DF2-9C41-CB35C916FA58}"
EndProject
Global
	GlobalSection(SolutionConfigurationPlatforms) = preSolution
		Debug|Any CPU = Debug|Any CPU
		Debug|x64 = Debug|x64
		Debug|x86 = Debug|x86
		Release|Any CPU = Release|Any CPU
		Release|x64 = Release|x64
		Release|x86 = Release|x86
	EndGlobalSection
	GlobalSection(ProjectConfigurationPlatforms) = postSolution
		{46757DF7-D50A-4797-97BC-8575B704657A}.Debug|Any CPU.ActiveCfg = Debug|Any CPU
		{46757DF7-D50A-4797-97BC-8575B704657A}.Debug|Any CPU.Build.0 = Debug|Any CPU
		{46757DF7-D50A-4797-97BC-8575B704657A}.Debug|x64.ActiveCfg = Debug|Any CPU
		{46757DF7-D50A-4797-97BC-8575B704657A}.Debug|x64.Build.0 = Debug|Any CPU
		{46757DF7-D50A-4797-97BC-8575B704657A}.Debug|x86.ActiveCfg = Debug|Any CPU
		{46757DF7-D50A-4797-97BC-8575B704657A}.Debug|x86.Build.0 = Debug|Any CPU
		{46757DF7-D50A-4797-97BC-8575B704657A}.Release|Any CPU.ActiveCfg = Release|Any CPU
		{46757DF7-D50A-4797-97BC-8575B704657A}.Release|Any CPU.Build.0 = Release|Any CPU
		{46757DF7-D50A-4797-97BC-8575B704657A}.Release|x64.ActiveCfg = Release|Any CPU
		{46757DF7-D50A-4797-97BC-8575B704657A}.Release|x64.Build.0 = Release|Any CPU
		{46757DF7-D50A-4797-97BC-8575B704657A}.Release|x86.ActiveCfg = Release|Any CPU
		{46757DF7-D50A-4797-97BC-8575B704657A}.Release|x86.Build.0 = Release|Any CPU
		{F1C90753-3EB7-4E0A-B2C6-C6E253781177}.Debug|Any CPU.ActiveCfg = Debug|Any CPU
		{F1C90753-3EB7-4E0A-B2C6-C6E253781177}.Debug|Any CPU.Build.0 = Debug|Any CPU
		{F1C90753-3EB7-4E0A-B2C6-C6E253781177}.Debug|x64.ActiveCfg = Debug|Any CPU
		{F1C90753-3EB7-4E0A-B2C6-C6E253781177}.Debug|x64.Build.0 = Debug|Any CPU
		{F1C90753-3EB7-4E0A-B2C6-C6E253781177}.Debug|x86.ActiveCfg = Debug|Any CPU
		{F1C90753-3EB7-4E0A-B2C6-C6E253781177}.Debug|x86.Build.0 = Debug|Any CPU
		{F1C90753-3EB7-4E0A-B2C6-C6E253781177}.Release|Any CPU.ActiveCfg = Release|Any CPU
		{F1C90753-3EB7-4E0A-B2C6-C6E253781177}.Release|Any CPU.Build.0 = Release|Any CPU
		{F1C90753-3EB7-4E0A-B2C6-C6E253781177}.Release|x64.ActiveCfg = Release|Any CPU
		{F1C90753-3EB7-4E0A-B2C6-C6E253781177}.Release|x64.Build.0 = Release|Any CPU
		{F1C90753-3EB7-4E0A-B2C6-C6E253781177}.Release|x86.ActiveCfg = Release|Any CPU
		{F1C90753-3EB7-4E0A-B2C6-C6E253781177}.Release|x86.Build.0 = Release|Any CPU
		{E443938D-6ED3-4DBC-9371-56FDAD8A242C}.Debug|Any CPU.ActiveCfg = Debug|Any CPU
		{E443938D-6ED3-4DBC-9371-56FDAD8A242C}.Debug|Any CPU.Build.0 = Debug|Any CPU
		{E443938D-6ED3-4DBC-9371-56FDAD8A242C}.Debug|x64.ActiveCfg = Debug|Any CPU
		{E443938D-6ED3-4DBC-9371-56FDAD8A242C}.Debug|x64.Build.0 = Debug|Any CPU
		{E443938D-6ED3-4DBC-9371-56FDAD8A242C}.Debug|x86.ActiveCfg = Debug|Any CPU
		{E443938D-6ED3-4DBC-9371-56FDAD8A242C}.Debug|x86.Build.0 = Debug|Any CPU
		{E443938D-6ED3-4DBC-9371-56FDAD8A242C}.Release|Any CPU.ActiveCfg = Release|Any CPU
		{E443938D-6ED3-4DBC-9371-56FDAD8A242C}.Release|Any CPU.Build.0 = Release|Any CPU
		{E443938D-6ED3-4DBC-9371-56FDAD8A242C}.Release|x64.ActiveCfg = Release|Any CPU
		{E443938D-6ED3-4DBC-9371-56FDAD8A242C}.Release|x64.Build.0 = Release|Any CPU
		{E443938D-6ED3-4DBC-9371-56FDAD8A242C}.Release|x86.ActiveCfg = Release|Any CPU
		{E443938D-6ED3-4DBC-9371-56FDAD8A242C}.Release|x86.Build.0 = Release|Any CPU
		{5C765A48-A7B5-4CCD-9C06-7AFD8918CACD}.Debug|Any CPU.ActiveCfg = Debug|Any CPU
		{5C765A48-A7B5-4CCD-9C06-7AFD8918CACD}.Debug|Any CPU.Build.0 = Debug|Any CPU
		{5C765A48-A7B5-4CCD-9C06-7AFD8918CACD}.Debug|x64.ActiveCfg = Debug|Any CPU
		{5C765A48-A7B5-4CCD-9C06-7AFD8918CACD}.Debug|x64.Build.0 = Debug|Any CPU
		{5C765A48-A7B5-4CCD-9C06-7AFD8918CACD}.Debug|x86.ActiveCfg = Debug|Any CPU
		{5C765A48-A7B5-4CCD-9C06-7AFD8918CACD}.Debug|x86.Build.0 = Debug|Any CPU
		{5C765A48-A7B5-4CCD-9C06-7AFD8918CACD}.Release|Any CPU.ActiveCfg = Release|Any CPU
		{5C765A48-A7B5-4CCD-9C06-7AFD8918CACD}.Release|Any CPU.Build.0 = Release|Any CPU
		{5C765A48-A7B5-4CCD-9C06-7AFD8918CACD}.Release|x64.ActiveCfg = Release|Any CPU
		{5C765A48-A7B5-4CCD-9C06-7AFD8918CACD}.Release|x64.Build.0 = Release|Any CPU
		{5C765A48-A7B5-4CCD-9C06-7AFD8918CACD}.Release|x86.ActiveCfg = Release|Any CPU
		{5C765A48-A7B5-4CCD-9C06-7AFD8918CACD}.Release|x86.Build.0 = Release|Any CPU
		{C52A29A9-F53A-4120-A05A-BF6E431A16B3}.Debug|Any CPU.ActiveCfg = Debug|Any CPU
		{C52A29A9-F53A-4120-A05A-BF6E431A16B3}.Debug|Any CPU.Build.0 = Debug|Any CPU
		{C52A29A9-F53A-4120-A05A-BF6E431A16B3}.Debug|x64.ActiveCfg = Debug|Any CPU
		{C52A29A9-F53A-4120-A05A-BF6E431A16B3}.Debug|x64.Build.0 = Debug|Any CPU
		{C52A29A9-F53A-4120-A05A-BF6E431A16B3}.Debug|x86.ActiveCfg = Debug|Any CPU
		{C52A29A9-F53A-4120-A05A-BF6E431A16B3}.Debug|x86.Build.0 = Debug|Any CPU
		{C52A29A9-F53A-4120-A05A-BF6E431A16B3}.Release|Any CPU.ActiveCfg = Release|Any CPU
		{C52A29A9-F53A-4120-A05A-BF6E431A16B3}.Release|Any CPU.Build.0 = Release|Any CPU
		{C52A29A9-F53A-4120-A05A-BF6E431A16B3}.Release|x64.ActiveCfg = Release|Any CPU
		{C52A29A9-F53A-4120-A05A-BF6E431A16B3}.Release|x64.Build.0 = Release|Any CPU
		{C52A29A9-F53A-4120-A05A-BF6E431A16B3}.Release|x86.ActiveCfg = Release|Any CPU
		{C52A29A9-F53A-4120-A05A-BF6E431A16B3}.Release|x86.Build.0 = Release|Any CPU
		{427DDF02-D536-415E-B9CF-CE38D204A0A4}.Debug|Any CPU.ActiveCfg = Debug|Any CPU
		{427DDF02-D536-415E-B9CF-CE38D204A0A4}.Debug|Any CPU.Build.0 = Debug|Any CPU
		{427DDF02-D536-415E-B9CF-CE38D204A0A4}.Debug|x64.ActiveCfg = Debug|Any CPU
		{427DDF02-D536-415E-B9CF-CE38D204A0A4}.Debug|x64.Build.0 = Debug|Any CPU
		{427DDF02-D536-415E-B9CF-CE38D204A0A4}.Debug|x86.ActiveCfg = Debug|Any CPU
		{427DDF02-D536-415E-B9CF-CE38D204A0A4}.Debug|x86.Build.0 = Debug|Any CPU
		{427DDF02-D536-415E-B9CF-CE38D204A0A4}.Release|Any CPU.ActiveCfg = Release|Any CPU
		{427DDF02-D536-415E-B9CF-CE38D204A0A4}.Release|Any CPU.Build.0 = Release|Any CPU
		{427DDF02-D536-415E-B9CF-CE38D204A0A4}.Release|x64.ActiveCfg = Release|Any CPU
		{427DDF02-D536-415E-B9CF-CE38D204A0A4}.Release|x64.Build.0 = Release|Any CPU
		{427DDF02-D536-415E-B9CF-CE38D204A0A4}.Release|x86.ActiveCfg = Release|Any CPU
		{427DDF02-D536-415E-B9CF-CE38D204A0A4}.Release|x86.Build.0 = Release|Any CPU
		{946F73CE-2E0A-4F37-B74F-CE62C2E518B1}.Debug|Any CPU.ActiveCfg = Debug|Any CPU
		{946F73CE-2E0A-4F37-B74F-CE62C2E518B1}.Debug|Any CPU.Build.0 = Debug|Any CPU
		{946F73CE-2E0A-4F37-B74F-CE62C2E518B1}.Debug|x64.ActiveCfg = Debug|Any CPU
		{946F73CE-2E0A-4F37-B74F-CE62C2E518B1}.Debug|x64.Build.0 = Debug|Any CPU
		{946F73CE-2E0A-4F37-B74F-CE62C2E518B1}.Debug|x86.ActiveCfg = Debug|Any CPU
		{946F73CE-2E0A-4F37-B74F-CE62C2E518B1}.Debug|x86.Build.0 = Debug|Any CPU
		{946F73CE-2E0A-4F37-B74F-CE62C2E518B1}.Release|Any CPU.ActiveCfg = Release|Any CPU
		{946F73CE-2E0A-4F37-B74F-CE62C2E518B1}.Release|Any CPU.Build.0 = Release|Any CPU
		{946F73CE-2E0A-4F37-B74F-CE62C2E518B1}.Release|x64.ActiveCfg = Release|Any CPU
		{946F73CE-2E0A-4F37-B74F-CE62C2E518B1}.Release|x64.Build.0 = Release|Any CPU
		{946F73CE-2E0A-4F37-B74F-CE62C2E518B1}.Release|x86.ActiveCfg = Release|Any CPU
		{946F73CE-2E0A-4F37-B74F-CE62C2E518B1}.Release|x86.Build.0 = Release|Any CPU
		{0F3E14F8-5314-4DF2-9C41-CB35C916FA58}.Debug|Any CPU.ActiveCfg = Debug|Any CPU
		{0F3E14F8-5314-4DF2-9C41-CB35C916FA58}.Debug|Any CPU.Build.0 = Debug|Any CPU
		{0F3E14F8-5314-4DF2-9C41-CB35C916FA58}.Debug|x64.ActiveCfg = Debug|Any CPU
		{0F3E14F8-5314-4DF2-9C41-CB35C916FA58}.Debug|x64.Build.0 = Debug|Any CPU
		{0F3E14F8-5314-4DF2-9C41-CB35C916FA58}.Debug|x86.ActiveCfg = Debug|Any CPU
		{0F3E14F8-5314-4DF2-9C41-CB35C916FA58}.Debug|x86.Build.0 = Debug|Any CPU
		{0F3E14F8-5314-4DF2-9C41-CB35C916FA58}.Release|Any CPU.ActiveCfg = Release|Any CPU
		{0F3E14F8-5314-4DF2-9C41-CB35C916FA58}.Release|Any CPU.Build.0 = Release|Any CPU
		{0F3E14F8-5314-4DF2-9C41-CB35C916FA58}.Release|x64.ActiveCfg = Release|Any CPU
		{0F3E14F8-5314-4DF2-9C41-CB35C916FA58}.Release|x64.Build.0 = Release|Any CPU
		{0F3E14F8-5314-4DF2-9C41-CB35C916FA58}.Release|x86.ActiveCfg = Release|Any CPU
		{0F3E14F8-5314-4DF2-9C41-CB35C916FA58}.Release|x86.Build.0 = Release|Any CPU
	EndGlobalSection
	GlobalSection(SolutionProperties) = preSolution
		HideSolutionNode = FALSE
	EndGlobalSection
	GlobalSection(NestedProjects) = preSolution
		{2BCFFC66-6891-4DBC-A0BD-2971A47C5E2F} = {A0EC61B6-3FAE-443C-B714-C9A09E60D666}
		{46757DF7-D50A-4797-97BC-8575B704657A} = {2BCFFC66-6891-4DBC-A0BD-2971A47C5E2F}
		{6147EF40-049D-497A-9D3F-82B8FD013B70} = {5523E84B-06D4-4845-89BF-9C41C09572D0}
		{F1C90753-3EB7-4E0A-B2C6-C6E253781177} = {6147EF40-049D-497A-9D3F-82B8FD013B70}
		{9A3D2F19-10DF-43B9-9E25-ADB9E3477B4F} = {5523E84B-06D4-4845-89BF-9C41C09572D0}
		{E443938D-6ED3-4DBC-9371-56FDAD8A242C} = {9A3D2F19-10DF-43B9-9E25-ADB9E3477B4F}
		{9FA54760-1C11-4C09-9E35-67677171D328} = {69AE39B9-DD67-4BD1-A5CC-2C46248835ED}
		{5C765A48-A7B5-4CCD-9C06-7AFD8918CACD} = {9FA54760-1C11-4C09-9E35-67677171D328}
		{8FAFB73D-624B-4E5F-8ACB-A7B39CD316EC} = {69AE39B9-DD67-4BD1-A5CC-2C46248835ED}
		{88278F4B-F3E4-4919-B6F7-3720E5F0E6ED} = {69AE39B9-DD67-4BD1-A5CC-2C46248835ED}
		{C52A29A9-F53A-4120-A05A-BF6E431A16B3} = {88278F4B-F3E4-4919-B6F7-3720E5F0E6ED}
		{0B645DD3-4720-4317-9AE6-52FF1DFF669E} = {6147EF40-049D-497A-9D3F-82B8FD013B70}
		{96C61A0A-17D3-475F-BB6F-CACC4D84600F} = {0B645DD3-4720-4317-9AE6-52FF1DFF669E}
		{4B04A9CE-D7AA-4CF4-AC27-C2CE502469B3} = {A0EC61B6-3FAE-443C-B714-C9A09E60D666}
		{4A251919-12D7-4A8F-8F7A-4C69AA53F37D} = {A0EC61B6-3FAE-443C-B714-C9A09E60D666}
		{5523E84B-06D4-4845-89BF-9C41C09572D0} = {4A251919-12D7-4A8F-8F7A-4C69AA53F37D}
		{2C9B2850-6082-42F0-A37D-51097401EE13} = {5523E84B-06D4-4845-89BF-9C41C09572D0}
		{427DDF02-D536-415E-B9CF-CE38D204A0A4} = {2C9B2850-6082-42F0-A37D-51097401EE13}
		{946F73CE-2E0A-4F37-B74F-CE62C2E518B1} = {4B04A9CE-D7AA-4CF4-AC27-C2CE502469B3}
		{0F3E14F8-5314-4DF2-9C41-CB35C916FA58} = {8FAFB73D-624B-4E5F-8ACB-A7B39CD316EC}
	EndGlobalSection
	GlobalSection(ExtensibilityGlobals) = postSolution
		SolutionGuid = {749C6927-85A2-4778-A804-A69F80BA5597}
	EndGlobalSection
EndGlobal
